
Microsoft Visual Studio Solution File, Format Version 12.00
# Visual Studio Version 17
VisualStudioVersion = 17.9.34728.123
MinimumVisualStudioVersion = 10.0.40219.1
Project("{2150E333-8FDC-42A3-9474-1A3956D46DE8}") = "src", "src", "{B4942C5C-51AA-413A-9499-95F572D55A93}"
EndProject
Project("{2150E333-8FDC-42A3-9474-1A3956D46DE8}") = "lib", "lib", "{94669749-ECD0-4754-AAEC-6D45049BF554}"
EndProject
Project("{2150E333-8FDC-42A3-9474-1A3956D46DE8}") = "Modules", "Modules", "{8E30ADAB-3048-4C5B-BD48-BE2386644331}"
EndProject
Project("{2150E333-8FDC-42A3-9474-1A3956D46DE8}") = "Shared", "Shared", "{6AC57BC1-6845-47C4-83CF-439301C1BEC4}"
EndProject
Project("{2150E333-8FDC-42A3-9474-1A3956D46DE8}") = "Web", "Web", "{5573A150-378E-486F-82CF-FE0ACA538FFE}"
EndProject
Project("{2150E333-8FDC-42A3-9474-1A3956D46DE8}") = "Blog", "Blog", "{60FA9DAC-F0B4-42BB-BF9F-9FFD0ADEE4F5}"
EndProject
Project("{9A19103F-16F7-4668-BE54-9A1E7A4F7556}") = "Web.Server", "src\Web\Web.Server\Web.Server.csproj", "{34C21408-01E8-4004-94F6-144E685A3F8B}"
EndProject
Project("{9A19103F-16F7-4668-BE54-9A1E7A4F7556}") = "Web.Client", "src\Web\Web.Client\Web.Client.csproj", "{8CBDC404-8D5F-4C8D-A506-4730C64A210D}"
EndProject
Project("{9A19103F-16F7-4668-BE54-9A1E7A4F7556}") = "Shared.Components", "src\Shared\Shared.Components\Shared.Components.csproj", "{77DC9E09-7CDB-4392-A721-7DB800D9ADB6}"
EndProject
Project("{9A19103F-16F7-4668-BE54-9A1E7A4F7556}") = "Shared.Integration", "src\Shared\Shared.Integration\Shared.Integration.csproj", "{99C245FB-CA85-44DB-8E55-476F28F26E33}"
EndProject
Project("{9A19103F-16F7-4668-BE54-9A1E7A4F7556}") = "Shared.Features", "src\Shared\Shared.Features\Shared.Features.csproj", "{C35615ED-DA05-46EE-8158-92FC6178304B}"
EndProject
Project("{9A19103F-16F7-4668-BE54-9A1E7A4F7556}") = "Modules.Blog.Features", "src\Modules\Blog\Modules.Blog.Features\Modules.Blog.Features.csproj", "{59D5E3FF-0E19-4E66-BFA8-6DB7CF084508}"
EndProject
Project("{9A19103F-16F7-4668-BE54-9A1E7A4F7556}") = "Modules.Blog.Integration", "src\Modules\Blog\Modules.Blog.Integration\Modules.Blog.Integration.csproj", "{AED94FB0-2768-458A-A917-FCFDBE13976C}"
EndProject
Project("{9A19103F-16F7-4668-BE54-9A1E7A4F7556}") = "Modules.Blog.Components", "src\Modules\Blog\Modules.Blog.Components\Modules.Blog.Components.csproj", "{2F100D02-02DA-4A2F-AC7C-D3422E6061D1}"
EndProject
Project("{2150E333-8FDC-42A3-9474-1A3956D46DE8}") = "Fadi.Result", "Fadi.Result", "{3499A17A-2FBF-4E6B-A272-E7BA46040D74}"
EndProject
Project("{9A19103F-16F7-4668-BE54-9A1E7A4F7556}") = "Fadi.Result", "lib\Fadi.Result\Fadi.Result\Fadi.Result.csproj", "{FC779118-4F63-4FD1-A813-E9949938FD59}"
EndProject
Project("{9A19103F-16F7-4668-BE54-9A1E7A4F7556}") = "Fadi.Result.Tests", "lib\Fadi.Result\Fadi.Result.Tests\Fadi.Result.Tests.csproj", "{E697B955-EB33-4FEB-BDA4-D2A5C07550F7}"
EndProject
Project("{9A19103F-16F7-4668-BE54-9A1E7A4F7556}") = "Modules.Shared.Integration", "src\Modules\Modules.Shared.Integration\Modules.Shared.Integration.csproj", "{AC79310F-DC2B-4616-8ACC-408566CA4950}"
EndProject
Project("{2150E333-8FDC-42A3-9474-1A3956D46DE8}") = "docs", "docs", "{0BE9A4B4-B1B8-4065-B730-6C9CBD0DC565}"
	ProjectSection(SolutionItems) = preProject
		docs\FadiLabs.drawio = docs\FadiLabs.drawio
		docs\Migration.md = docs\Migration.md
	EndProjectSection
EndProject
Project("{2150E333-8FDC-42A3-9474-1A3956D46DE8}") = "Auth0", "Auth0", "{8AAE7623-21AD-47A5-811A-DE2160486E7A}"
EndProject
Project("{9A19103F-16F7-4668-BE54-9A1E7A4F7556}") = "Modules.Auth0.Integration", "src\Modules\Auth0\Modules.Auth0.Integration\Modules.Auth0.Integration.csproj", "{411E36F9-216B-40AA-865D-F7062151AED0}"
EndProject
Project("{9A19103F-16F7-4668-BE54-9A1E7A4F7556}") = "Modules.Auth0.Features", "src\Modules\Auth0\Modules.Auth0.Features\Modules.Auth0.Features.csproj", "{19896DD1-1515-4F9F-B278-5398B13583D6}"
EndProject
Project("{9A19103F-16F7-4668-BE54-9A1E7A4F7556}") = "Modules.Auth0.Components", "src\Modules\Auth0\Modules.Auth0.Components\Modules.Auth0.Components.csproj", "{D802E6B9-7FCA-480D-AF12-1D7CCDAC06BE}"
EndProject
Project("{2150E333-8FDC-42A3-9474-1A3956D46DE8}") = "test", "test", "{45851685-FA38-4C8A-B0CD-7EEBB2786FFE}"
EndProject
Project("{2150E333-8FDC-42A3-9474-1A3956D46DE8}") = "User", "User", "{0FFCC017-01CE-4045-8D87-C0DBAF6CF3D6}"
EndProject
Project("{FAE04EC0-301F-11D3-BF4B-00C04F79EFBC}") = "Modules.User.Integration", "src\Modules\User\Modules.User.Integration\Modules.User.Integration.csproj", "{47BE656A-41F7-4FEF-9F26-2A3181468D64}"
EndProject
Project("{FAE04EC0-301F-11D3-BF4B-00C04F79EFBC}") = "Modules.User.Features", "src\Modules\User\Modules.User.Features\Modules.User.Features.csproj", "{C11938F5-7D77-42D8-9617-E2E03F0CBDB1}"
EndProject
Project("{FAE04EC0-301F-11D3-BF4B-00C04F79EFBC}") = "Modules.User.Components", "src\Modules\User\Modules.User.Components\Modules.User.Components.csproj", "{946E3896-FC4C-483B-BEF1-3ECF56CE29FF}"
EndProject
Project("{2150E333-8FDC-42A3-9474-1A3956D46DE8}") = "Solution Items", "Solution Items", "{3F9F93D8-A370-4640-B7C4-3F9360301287}"
	ProjectSection(SolutionItems) = preProject
		.editorconfig = .editorconfig
		dotnet-tools.json = dotnet-tools.json
		README.md = README.md
	EndProjectSection
EndProject
Project("{2150E333-8FDC-42A3-9474-1A3956D46DE8}") = "Home", "Home", "{CA5F6929-A35A-46EA-93FE-F809B6B7069E}"
EndProject
Project("{FAE04EC0-301F-11D3-BF4B-00C04F79EFBC}") = "Modules.Home.Components", "src\Modules\Home\Modules.Home.Components\Modules.Home.Components.csproj", "{F69C56E1-837B-4944-8B11-AC1ADF86237A}"
EndProject
Project("{FAE04EC0-301F-11D3-BF4B-00C04F79EFBC}") = "Modules.Home.Features", "src\Modules\Home\Modules.Home.Features\Modules.Home.Features.csproj", "{A5E93960-E752-4FF1-8F3C-0E78684B2256}"
EndProject
Project("{FAE04EC0-301F-11D3-BF4B-00C04F79EFBC}") = "Modules.Home.Integration", "src\Modules\Home\Modules.Home.Integration\Modules.Home.Integration.csproj", "{1A507871-372C-4B60-8A9E-FFB4DD733C68}"
EndProject
Project("{FAE04EC0-301F-11D3-BF4B-00C04F79EFBC}") = "Shared.Features.Test", "src\Shared\test\Shared.Features.Test\Shared.Features.Test.csproj", "{FED688B8-128F-4138-A112-B19F7C8A0D6B}"
EndProject
Project("{2150E333-8FDC-42A3-9474-1A3956D46DE8}") = "test", "test", "{86D94694-66FB-4AAF-9EDC-76E71F997A32}"
EndProject
Project("{FAE04EC0-301F-11D3-BF4B-00C04F79EFBC}") = "Modules.User.Features.Test", "src\Modules\User\test\Modules.User.Features.Test\Modules.User.Features.Test.csproj", "{A01B971E-1A38-4F4E-9BA3-198B573BD087}"
EndProject
Project("{2150E333-8FDC-42A3-9474-1A3956D46DE8}") = "Maui", "Maui", "{8BFC0718-1F6A-4981-88D5-4890A447B410}"
EndProject
Project("{FAE04EC0-301F-11D3-BF4B-00C04F79EFBC}") = "Maui.Startup", "src\Maui\Maui.Startup\Maui.Startup.csproj", "{2CC4E314-A4A8-4FB8-BBD5-5C7ACE563174}"
EndProject
Global
	GlobalSection(SolutionConfigurationPlatforms) = preSolution
		Debug|Any CPU = Debug|Any CPU
		Release|Any CPU = Release|Any CPU
	EndGlobalSection
	GlobalSection(ProjectConfigurationPlatforms) = postSolution
		{34C21408-01E8-4004-94F6-144E685A3F8B}.Debug|Any CPU.ActiveCfg = Debug|Any CPU
		{34C21408-01E8-4004-94F6-144E685A3F8B}.Debug|Any CPU.Build.0 = Debug|Any CPU
		{34C21408-01E8-4004-94F6-144E685A3F8B}.Release|Any CPU.ActiveCfg = Release|Any CPU
		{34C21408-01E8-4004-94F6-144E685A3F8B}.Release|Any CPU.Build.0 = Release|Any CPU
		{8CBDC404-8D5F-4C8D-A506-4730C64A210D}.Debug|Any CPU.ActiveCfg = Debug|Any CPU
		{8CBDC404-8D5F-4C8D-A506-4730C64A210D}.Debug|Any CPU.Build.0 = Debug|Any CPU
		{8CBDC404-8D5F-4C8D-A506-4730C64A210D}.Release|Any CPU.ActiveCfg = Release|Any CPU
		{8CBDC404-8D5F-4C8D-A506-4730C64A210D}.Release|Any CPU.Build.0 = Release|Any CPU
		{77DC9E09-7CDB-4392-A721-7DB800D9ADB6}.Debug|Any CPU.ActiveCfg = Debug|Any CPU
		{77DC9E09-7CDB-4392-A721-7DB800D9ADB6}.Debug|Any CPU.Build.0 = Debug|Any CPU
		{77DC9E09-7CDB-4392-A721-7DB800D9ADB6}.Release|Any CPU.ActiveCfg = Release|Any CPU
		{77DC9E09-7CDB-4392-A721-7DB800D9ADB6}.Release|Any CPU.Build.0 = Release|Any CPU
		{99C245FB-CA85-44DB-8E55-476F28F26E33}.Debug|Any CPU.ActiveCfg = Debug|Any CPU
		{99C245FB-CA85-44DB-8E55-476F28F26E33}.Debug|Any CPU.Build.0 = Debug|Any CPU
		{99C245FB-CA85-44DB-8E55-476F28F26E33}.Release|Any CPU.ActiveCfg = Release|Any CPU
		{99C245FB-CA85-44DB-8E55-476F28F26E33}.Release|Any CPU.Build.0 = Release|Any CPU
		{C35615ED-DA05-46EE-8158-92FC6178304B}.Debug|Any CPU.ActiveCfg = Debug|Any CPU
		{C35615ED-DA05-46EE-8158-92FC6178304B}.Debug|Any CPU.Build.0 = Debug|Any CPU
		{C35615ED-DA05-46EE-8158-92FC6178304B}.Release|Any CPU.ActiveCfg = Release|Any CPU
		{C35615ED-DA05-46EE-8158-92FC6178304B}.Release|Any CPU.Build.0 = Release|Any CPU
		{59D5E3FF-0E19-4E66-BFA8-6DB7CF084508}.Debug|Any CPU.ActiveCfg = Debug|Any CPU
		{59D5E3FF-0E19-4E66-BFA8-6DB7CF084508}.Debug|Any CPU.Build.0 = Debug|Any CPU
		{59D5E3FF-0E19-4E66-BFA8-6DB7CF084508}.Release|Any CPU.ActiveCfg = Release|Any CPU
		{59D5E3FF-0E19-4E66-BFA8-6DB7CF084508}.Release|Any CPU.Build.0 = Release|Any CPU
		{AED94FB0-2768-458A-A917-FCFDBE13976C}.Debug|Any CPU.ActiveCfg = Debug|Any CPU
		{AED94FB0-2768-458A-A917-FCFDBE13976C}.Debug|Any CPU.Build.0 = Debug|Any CPU
		{AED94FB0-2768-458A-A917-FCFDBE13976C}.Release|Any CPU.ActiveCfg = Release|Any CPU
		{AED94FB0-2768-458A-A917-FCFDBE13976C}.Release|Any CPU.Build.0 = Release|Any CPU
		{2F100D02-02DA-4A2F-AC7C-D3422E6061D1}.Debug|Any CPU.ActiveCfg = Debug|Any CPU
		{2F100D02-02DA-4A2F-AC7C-D3422E6061D1}.Debug|Any CPU.Build.0 = Debug|Any CPU
		{2F100D02-02DA-4A2F-AC7C-D3422E6061D1}.Release|Any CPU.ActiveCfg = Release|Any CPU
		{2F100D02-02DA-4A2F-AC7C-D3422E6061D1}.Release|Any CPU.Build.0 = Release|Any CPU
		{FC779118-4F63-4FD1-A813-E9949938FD59}.Debug|Any CPU.ActiveCfg = Debug|Any CPU
		{FC779118-4F63-4FD1-A813-E9949938FD59}.Debug|Any CPU.Build.0 = Debug|Any CPU
		{FC779118-4F63-4FD1-A813-E9949938FD59}.Release|Any CPU.ActiveCfg = Release|Any CPU
		{FC779118-4F63-4FD1-A813-E9949938FD59}.Release|Any CPU.Build.0 = Release|Any CPU
		{E697B955-EB33-4FEB-BDA4-D2A5C07550F7}.Debug|Any CPU.ActiveCfg = Debug|Any CPU
		{E697B955-EB33-4FEB-BDA4-D2A5C07550F7}.Debug|Any CPU.Build.0 = Debug|Any CPU
		{E697B955-EB33-4FEB-BDA4-D2A5C07550F7}.Release|Any CPU.ActiveCfg = Release|Any CPU
		{E697B955-EB33-4FEB-BDA4-D2A5C07550F7}.Release|Any CPU.Build.0 = Release|Any CPU
		{AC79310F-DC2B-4616-8ACC-408566CA4950}.Debug|Any CPU.ActiveCfg = Debug|Any CPU
		{AC79310F-DC2B-4616-8ACC-408566CA4950}.Debug|Any CPU.Build.0 = Debug|Any CPU
		{AC79310F-DC2B-4616-8ACC-408566CA4950}.Release|Any CPU.ActiveCfg = Release|Any CPU
		{AC79310F-DC2B-4616-8ACC-408566CA4950}.Release|Any CPU.Build.0 = Release|Any CPU
		{411E36F9-216B-40AA-865D-F7062151AED0}.Debug|Any CPU.ActiveCfg = Debug|Any CPU
		{411E36F9-216B-40AA-865D-F7062151AED0}.Debug|Any CPU.Build.0 = Debug|Any CPU
		{411E36F9-216B-40AA-865D-F7062151AED0}.Release|Any CPU.ActiveCfg = Release|Any CPU
		{411E36F9-216B-40AA-865D-F7062151AED0}.Release|Any CPU.Build.0 = Release|Any CPU
		{19896DD1-1515-4F9F-B278-5398B13583D6}.Debug|Any CPU.ActiveCfg = Debug|Any CPU
		{19896DD1-1515-4F9F-B278-5398B13583D6}.Debug|Any CPU.Build.0 = Debug|Any CPU
		{19896DD1-1515-4F9F-B278-5398B13583D6}.Release|Any CPU.ActiveCfg = Release|Any CPU
		{19896DD1-1515-4F9F-B278-5398B13583D6}.Release|Any CPU.Build.0 = Release|Any CPU
		{D802E6B9-7FCA-480D-AF12-1D7CCDAC06BE}.Debug|Any CPU.ActiveCfg = Debug|Any CPU
		{D802E6B9-7FCA-480D-AF12-1D7CCDAC06BE}.Debug|Any CPU.Build.0 = Debug|Any CPU
		{D802E6B9-7FCA-480D-AF12-1D7CCDAC06BE}.Release|Any CPU.ActiveCfg = Release|Any CPU
		{D802E6B9-7FCA-480D-AF12-1D7CCDAC06BE}.Release|Any CPU.Build.0 = Release|Any CPU
		{47BE656A-41F7-4FEF-9F26-2A3181468D64}.Debug|Any CPU.ActiveCfg = Debug|Any CPU
		{47BE656A-41F7-4FEF-9F26-2A3181468D64}.Debug|Any CPU.Build.0 = Debug|Any CPU
		{47BE656A-41F7-4FEF-9F26-2A3181468D64}.Release|Any CPU.ActiveCfg = Release|Any CPU
		{47BE656A-41F7-4FEF-9F26-2A3181468D64}.Release|Any CPU.Build.0 = Release|Any CPU
		{C11938F5-7D77-42D8-9617-E2E03F0CBDB1}.Debug|Any CPU.ActiveCfg = Debug|Any CPU
		{C11938F5-7D77-42D8-9617-E2E03F0CBDB1}.Debug|Any CPU.Build.0 = Debug|Any CPU
		{C11938F5-7D77-42D8-9617-E2E03F0CBDB1}.Release|Any CPU.ActiveCfg = Release|Any CPU
		{C11938F5-7D77-42D8-9617-E2E03F0CBDB1}.Release|Any CPU.Build.0 = Release|Any CPU
		{946E3896-FC4C-483B-BEF1-3ECF56CE29FF}.Debug|Any CPU.ActiveCfg = Debug|Any CPU
		{946E3896-FC4C-483B-BEF1-3ECF56CE29FF}.Debug|Any CPU.Build.0 = Debug|Any CPU
		{946E3896-FC4C-483B-BEF1-3ECF56CE29FF}.Release|Any CPU.ActiveCfg = Release|Any CPU
		{946E3896-FC4C-483B-BEF1-3ECF56CE29FF}.Release|Any CPU.Build.0 = Release|Any CPU
		{F69C56E1-837B-4944-8B11-AC1ADF86237A}.Debug|Any CPU.ActiveCfg = Debug|Any CPU
		{F69C56E1-837B-4944-8B11-AC1ADF86237A}.Debug|Any CPU.Build.0 = Debug|Any CPU
		{F69C56E1-837B-4944-8B11-AC1ADF86237A}.Release|Any CPU.ActiveCfg = Release|Any CPU
		{F69C56E1-837B-4944-8B11-AC1ADF86237A}.Release|Any CPU.Build.0 = Release|Any CPU
		{A5E93960-E752-4FF1-8F3C-0E78684B2256}.Debug|Any CPU.ActiveCfg = Debug|Any CPU
		{A5E93960-E752-4FF1-8F3C-0E78684B2256}.Debug|Any CPU.Build.0 = Debug|Any CPU
		{A5E93960-E752-4FF1-8F3C-0E78684B2256}.Release|Any CPU.ActiveCfg = Release|Any CPU
		{A5E93960-E752-4FF1-8F3C-0E78684B2256}.Release|Any CPU.Build.0 = Release|Any CPU
		{1A507871-372C-4B60-8A9E-FFB4DD733C68}.Debug|Any CPU.ActiveCfg = Debug|Any CPU
		{1A507871-372C-4B60-8A9E-FFB4DD733C68}.Debug|Any CPU.Build.0 = Debug|Any CPU
		{1A507871-372C-4B60-8A9E-FFB4DD733C68}.Release|Any CPU.ActiveCfg = Release|Any CPU
		{1A507871-372C-4B60-8A9E-FFB4DD733C68}.Release|Any CPU.Build.0 = Release|Any CPU
		{FED688B8-128F-4138-A112-B19F7C8A0D6B}.Debug|Any CPU.ActiveCfg = Debug|Any CPU
		{FED688B8-128F-4138-A112-B19F7C8A0D6B}.Debug|Any CPU.Build.0 = Debug|Any CPU
		{FED688B8-128F-4138-A112-B19F7C8A0D6B}.Release|Any CPU.ActiveCfg = Release|Any CPU
		{FED688B8-128F-4138-A112-B19F7C8A0D6B}.Release|Any CPU.Build.0 = Release|Any CPU
		{A01B971E-1A38-4F4E-9BA3-198B573BD087}.Debug|Any CPU.ActiveCfg = Debug|Any CPU
		{A01B971E-1A38-4F4E-9BA3-198B573BD087}.Debug|Any CPU.Build.0 = Debug|Any CPU
		{A01B971E-1A38-4F4E-9BA3-198B573BD087}.Release|Any CPU.ActiveCfg = Release|Any CPU
		{A01B971E-1A38-4F4E-9BA3-198B573BD087}.Release|Any CPU.Build.0 = Release|Any CPU
		{2CC4E314-A4A8-4FB8-BBD5-5C7ACE563174}.Debug|Any CPU.ActiveCfg = Debug|Any CPU
		{2CC4E314-A4A8-4FB8-BBD5-5C7ACE563174}.Debug|Any CPU.Build.0 = Debug|Any CPU
		{2CC4E314-A4A8-4FB8-BBD5-5C7ACE563174}.Debug|Any CPU.Deploy.0 = Debug|Any CPU
		{2CC4E314-A4A8-4FB8-BBD5-5C7ACE563174}.Release|Any CPU.ActiveCfg = Release|Any CPU
		{2CC4E314-A4A8-4FB8-BBD5-5C7ACE563174}.Release|Any CPU.Build.0 = Release|Any CPU
		{2CC4E314-A4A8-4FB8-BBD5-5C7ACE563174}.Release|Any CPU.Deploy.0 = Release|Any CPU
	EndGlobalSection
	GlobalSection(SolutionProperties) = preSolution
		HideSolutionNode = FALSE
	EndGlobalSection
	GlobalSection(NestedProjects) = preSolution
		{8E30ADAB-3048-4C5B-BD48-BE2386644331} = {B4942C5C-51AA-413A-9499-95F572D55A93}
		{6AC57BC1-6845-47C4-83CF-439301C1BEC4} = {B4942C5C-51AA-413A-9499-95F572D55A93}
		{5573A150-378E-486F-82CF-FE0ACA538FFE} = {B4942C5C-51AA-413A-9499-95F572D55A93}
		{60FA9DAC-F0B4-42BB-BF9F-9FFD0ADEE4F5} = {8E30ADAB-3048-4C5B-BD48-BE2386644331}
		{34C21408-01E8-4004-94F6-144E685A3F8B} = {5573A150-378E-486F-82CF-FE0ACA538FFE}
		{8CBDC404-8D5F-4C8D-A506-4730C64A210D} = {5573A150-378E-486F-82CF-FE0ACA538FFE}
		{77DC9E09-7CDB-4392-A721-7DB800D9ADB6} = {6AC57BC1-6845-47C4-83CF-439301C1BEC4}
		{99C245FB-CA85-44DB-8E55-476F28F26E33} = {6AC57BC1-6845-47C4-83CF-439301C1BEC4}
		{C35615ED-DA05-46EE-8158-92FC6178304B} = {6AC57BC1-6845-47C4-83CF-439301C1BEC4}
		{59D5E3FF-0E19-4E66-BFA8-6DB7CF084508} = {60FA9DAC-F0B4-42BB-BF9F-9FFD0ADEE4F5}
		{AED94FB0-2768-458A-A917-FCFDBE13976C} = {60FA9DAC-F0B4-42BB-BF9F-9FFD0ADEE4F5}
		{2F100D02-02DA-4A2F-AC7C-D3422E6061D1} = {60FA9DAC-F0B4-42BB-BF9F-9FFD0ADEE4F5}
		{3499A17A-2FBF-4E6B-A272-E7BA46040D74} = {94669749-ECD0-4754-AAEC-6D45049BF554}
		{FC779118-4F63-4FD1-A813-E9949938FD59} = {3499A17A-2FBF-4E6B-A272-E7BA46040D74}
		{E697B955-EB33-4FEB-BDA4-D2A5C07550F7} = {3499A17A-2FBF-4E6B-A272-E7BA46040D74}
		{AC79310F-DC2B-4616-8ACC-408566CA4950} = {8E30ADAB-3048-4C5B-BD48-BE2386644331}
		{8AAE7623-21AD-47A5-811A-DE2160486E7A} = {8E30ADAB-3048-4C5B-BD48-BE2386644331}
		{411E36F9-216B-40AA-865D-F7062151AED0} = {8AAE7623-21AD-47A5-811A-DE2160486E7A}
		{19896DD1-1515-4F9F-B278-5398B13583D6} = {8AAE7623-21AD-47A5-811A-DE2160486E7A}
		{D802E6B9-7FCA-480D-AF12-1D7CCDAC06BE} = {8AAE7623-21AD-47A5-811A-DE2160486E7A}
		{45851685-FA38-4C8A-B0CD-7EEBB2786FFE} = {6AC57BC1-6845-47C4-83CF-439301C1BEC4}
		{0FFCC017-01CE-4045-8D87-C0DBAF6CF3D6} = {8E30ADAB-3048-4C5B-BD48-BE2386644331}
		{47BE656A-41F7-4FEF-9F26-2A3181468D64} = {0FFCC017-01CE-4045-8D87-C0DBAF6CF3D6}
		{C11938F5-7D77-42D8-9617-E2E03F0CBDB1} = {0FFCC017-01CE-4045-8D87-C0DBAF6CF3D6}
		{946E3896-FC4C-483B-BEF1-3ECF56CE29FF} = {0FFCC017-01CE-4045-8D87-C0DBAF6CF3D6}
		{CA5F6929-A35A-46EA-93FE-F809B6B7069E} = {8E30ADAB-3048-4C5B-BD48-BE2386644331}
		{F69C56E1-837B-4944-8B11-AC1ADF86237A} = {CA5F6929-A35A-46EA-93FE-F809B6B7069E}
		{A5E93960-E752-4FF1-8F3C-0E78684B2256} = {CA5F6929-A35A-46EA-93FE-F809B6B7069E}
		{1A507871-372C-4B60-8A9E-FFB4DD733C68} = {CA5F6929-A35A-46EA-93FE-F809B6B7069E}
		{FED688B8-128F-4138-A112-B19F7C8A0D6B} = {45851685-FA38-4C8A-B0CD-7EEBB2786FFE}
		{86D94694-66FB-4AAF-9EDC-76E71F997A32} = {0FFCC017-01CE-4045-8D87-C0DBAF6CF3D6}
		{A01B971E-1A38-4F4E-9BA3-198B573BD087} = {86D94694-66FB-4AAF-9EDC-76E71F997A32}
		{8BFC0718-1F6A-4981-88D5-4890A447B410} = {B4942C5C-51AA-413A-9499-95F572D55A93}
		{2CC4E314-A4A8-4FB8-BBD5-5C7ACE563174} = {8BFC0718-1F6A-4981-88D5-4890A447B410}
	EndGlobalSection
	GlobalSection(ExtensibilityGlobals) = postSolution
		SolutionGuid = {F3494FA6-8791-4182-A2E5-B3454D9A8ECA}
	EndGlobalSection
EndGlobal
